
Microsoft Visual Studio Solution File, Format Version 12.00
# Visual Studio Version 16
VisualStudioVersion = 16.0.31624.102
MinimumVisualStudioVersion = 10.0.40219.1
Project("{8BC9CEB8-8B4A-11D0-8D11-00A0C91BC942}") = "Ch01", "Ch01\Ch01.vcxproj", "{31242D8E-0EAA-4836-B1EB-D749305C3F88}"
EndProject
Project("{8BC9CEB8-8B4A-11D0-8D11-00A0C91BC942}") = "Ch02", "Ch02\Ch02.vcxproj", "{05F78E87-58D1-4F8D-BACE-051E49D8ED97}"
EndProject
Project("{8BC9CEB8-8B4A-11D0-8D11-00A0C91BC942}") = "Ch03-ArrayList", "Ch03\Ch03-ArrayList\Ch03-ArrayList.vcxproj", "{856F2D13-F134-4ADE-8D40-CE2B2F826D7E}"
EndProject
Project("{8BC9CEB8-8B4A-11D0-8D11-00A0C91BC942}") = "Ch03-ArrayListPointStructBase", "Ch03\Ch03-ArrayListPointStructBase\Ch03-ArrayListPointStructBase.vcxproj", "{DDC98A0D-E0AF-4F7B-94A6-93877A0FC011}"
EndProject
Project("{8BC9CEB8-8B4A-11D0-8D11-00A0C91BC942}") = "Ch03-Prob03-1", "Ch03\Ch03-Prob03-1\Ch03-Prob03-1.vcxproj", "{095B2BB6-3AAC-464B-9BDD-3588297084FB}"
EndProject
Project("{8BC9CEB8-8B4A-11D0-8D11-00A0C91BC942}") = "Ch03-Prob03-2", "Ch03\Ch03-Prob03-2\Ch03-Prob03-2.vcxproj", "{C6A12847-4B09-4E80-A439-0CDB7AEE874D}"
EndProject
Project("{8BC9CEB8-8B4A-11D0-8D11-00A0C91BC942}") = "Ch04-DLinkedList", "Ch04\Ch04-DLinkedList\Ch04-DLinkedList.vcxproj", "{E06E7A0F-F22D-4723-A627-4B08C2623CAB}"
EndProject
Project("{8BC9CEB8-8B4A-11D0-8D11-00A0C91BC942}") = "Ch04-DLinkedListSort", "Ch04\Ch04-DLinkedListSort\Ch04-DLinkedListSort.vcxproj", "{896F0301-A4C9-4989-8D58-0E6CBB34977F}"
EndProject
Project("{8BC9CEB8-8B4A-11D0-8D11-00A0C91BC942}") = "Ch05-CircularLinkedList", "Ch05\Ch05-CircularLinkedList\Ch05-CircularLinkedList.vcxproj", "{EF3B4477-EA5F-4AB7-B952-6AD1BC83C0F5}"
EndProject
Project("{8BC9CEB8-8B4A-11D0-8D11-00A0C91BC942}") = "Ch05-Prob05-02", "Ch05\Ch05-Prob05-02\Ch05-Prob05-02.vcxproj", "{FD4A68E3-1228-4E53-92D9-B7F34AFC2070}"
EndProject
Project("{8BC9CEB8-8B4A-11D0-8D11-00A0C91BC942}") = "Ch05-Prob05-01", "Ch05\Ch05-Prob05-01\Ch05-Prob05-01.vcxproj", "{B3C13356-EBD1-4AD3-9978-AEA41632EE35}"
EndProject
Project("{8BC9CEB8-8B4A-11D0-8D11-00A0C91BC942}") = "Ch05-DublyLinkedList", "Ch05\Ch05-DublyLinkedList\Ch05-DublyLinkedList.vcxproj", "{4B1D57F3-98DB-4AB1-87C0-5F5E87323469}"
EndProject
Project("{8BC9CEB8-8B4A-11D0-8D11-00A0C91BC942}") = "Ch06-ArrayBaseStack", "Ch06\Ch06-ArrayBaseStack\Ch06-ArrayBaseStack.vcxproj", "{EE561A04-B4AD-4A3C-90EB-A6A7BB7D2BF8}"
EndProject
Project("{8BC9CEB8-8B4A-11D0-8D11-00A0C91BC942}") = "Ch06-ListBaseStack", "Ch06\Ch06-ListBaseStack\Ch06-ListBaseStack.vcxproj", "{0A816DA9-57ED-4E82-8182-2480D41C4EF6}"
EndProject
Project("{8BC9CEB8-8B4A-11D0-8D11-00A0C91BC942}") = "Ch06-InfixToPostfix", "Ch06\Ch06-InfixToPostfix\Ch06-InfixToPostfix.vcxproj", "{1EBF0403-9F74-44E6-A7A6-D144EFEA0F7A}"
EndProject
Project("{8BC9CEB8-8B4A-11D0-8D11-00A0C91BC942}") = "Ch06-InfixCalculator", "Ch06\Ch06-InfixCalculator\Ch06-InfixCalculator.vcxproj", "{DB6E21D9-EA60-4571-BD1D-FD303F25931E}"
EndProject
Project("{8BC9CEB8-8B4A-11D0-8D11-00A0C91BC942}") = "Ch06-PostCalculator", "Ch06\Ch06-PostCalculator\Ch06-PostCalculator.vcxproj", "{79D63200-BC89-4755-AAA7-577E0393B30D}"
EndProject
Global
	GlobalSection(SolutionConfigurationPlatforms) = preSolution
		Debug|x64 = Debug|x64
		Debug|x86 = Debug|x86
		Release|x64 = Release|x64
		Release|x86 = Release|x86
	EndGlobalSection
	GlobalSection(ProjectConfigurationPlatforms) = postSolution
		{31242D8E-0EAA-4836-B1EB-D749305C3F88}.Debug|x64.ActiveCfg = Debug|x64
		{31242D8E-0EAA-4836-B1EB-D749305C3F88}.Debug|x64.Build.0 = Debug|x64
		{31242D8E-0EAA-4836-B1EB-D749305C3F88}.Debug|x86.ActiveCfg = Debug|Win32
		{31242D8E-0EAA-4836-B1EB-D749305C3F88}.Debug|x86.Build.0 = Debug|Win32
		{31242D8E-0EAA-4836-B1EB-D749305C3F88}.Release|x64.ActiveCfg = Release|x64
		{31242D8E-0EAA-4836-B1EB-D749305C3F88}.Release|x64.Build.0 = Release|x64
		{31242D8E-0EAA-4836-B1EB-D749305C3F88}.Release|x86.ActiveCfg = Release|Win32
		{31242D8E-0EAA-4836-B1EB-D749305C3F88}.Release|x86.Build.0 = Release|Win32
		{05F78E87-58D1-4F8D-BACE-051E49D8ED97}.Debug|x64.ActiveCfg = Debug|x64
		{05F78E87-58D1-4F8D-BACE-051E49D8ED97}.Debug|x64.Build.0 = Debug|x64
		{05F78E87-58D1-4F8D-BACE-051E49D8ED97}.Debug|x86.ActiveCfg = Debug|Win32
		{05F78E87-58D1-4F8D-BACE-051E49D8ED97}.Debug|x86.Build.0 = Debug|Win32
		{05F78E87-58D1-4F8D-BACE-051E49D8ED97}.Release|x64.ActiveCfg = Release|x64
		{05F78E87-58D1-4F8D-BACE-051E49D8ED97}.Release|x64.Build.0 = Release|x64
		{05F78E87-58D1-4F8D-BACE-051E49D8ED97}.Release|x86.ActiveCfg = Release|Win32
		{05F78E87-58D1-4F8D-BACE-051E49D8ED97}.Release|x86.Build.0 = Release|Win32
		{856F2D13-F134-4ADE-8D40-CE2B2F826D7E}.Debug|x64.ActiveCfg = Debug|x64
		{856F2D13-F134-4ADE-8D40-CE2B2F826D7E}.Debug|x64.Build.0 = Debug|x64
		{856F2D13-F134-4ADE-8D40-CE2B2F826D7E}.Debug|x86.ActiveCfg = Debug|Win32
		{856F2D13-F134-4ADE-8D40-CE2B2F826D7E}.Debug|x86.Build.0 = Debug|Win32
		{856F2D13-F134-4ADE-8D40-CE2B2F826D7E}.Release|x64.ActiveCfg = Release|x64
		{856F2D13-F134-4ADE-8D40-CE2B2F826D7E}.Release|x64.Build.0 = Release|x64
		{856F2D13-F134-4ADE-8D40-CE2B2F826D7E}.Release|x86.ActiveCfg = Release|Win32
		{856F2D13-F134-4ADE-8D40-CE2B2F826D7E}.Release|x86.Build.0 = Release|Win32
		{DDC98A0D-E0AF-4F7B-94A6-93877A0FC011}.Debug|x64.ActiveCfg = Debug|x64
		{DDC98A0D-E0AF-4F7B-94A6-93877A0FC011}.Debug|x64.Build.0 = Debug|x64
		{DDC98A0D-E0AF-4F7B-94A6-93877A0FC011}.Debug|x86.ActiveCfg = Debug|Win32
		{DDC98A0D-E0AF-4F7B-94A6-93877A0FC011}.Debug|x86.Build.0 = Debug|Win32
		{DDC98A0D-E0AF-4F7B-94A6-93877A0FC011}.Release|x64.ActiveCfg = Release|x64
		{DDC98A0D-E0AF-4F7B-94A6-93877A0FC011}.Release|x64.Build.0 = Release|x64
		{DDC98A0D-E0AF-4F7B-94A6-93877A0FC011}.Release|x86.ActiveCfg = Release|Win32
		{DDC98A0D-E0AF-4F7B-94A6-93877A0FC011}.Release|x86.Build.0 = Release|Win32
		{095B2BB6-3AAC-464B-9BDD-3588297084FB}.Debug|x64.ActiveCfg = Debug|x64
		{095B2BB6-3AAC-464B-9BDD-3588297084FB}.Debug|x64.Build.0 = Debug|x64
		{095B2BB6-3AAC-464B-9BDD-3588297084FB}.Debug|x86.ActiveCfg = Debug|Win32
		{095B2BB6-3AAC-464B-9BDD-3588297084FB}.Debug|x86.Build.0 = Debug|Win32
		{095B2BB6-3AAC-464B-9BDD-3588297084FB}.Release|x64.ActiveCfg = Release|x64
		{095B2BB6-3AAC-464B-9BDD-3588297084FB}.Release|x64.Build.0 = Release|x64
		{095B2BB6-3AAC-464B-9BDD-3588297084FB}.Release|x86.ActiveCfg = Release|Win32
		{095B2BB6-3AAC-464B-9BDD-3588297084FB}.Release|x86.Build.0 = Release|Win32
		{C6A12847-4B09-4E80-A439-0CDB7AEE874D}.Debug|x64.ActiveCfg = Debug|x64
		{C6A12847-4B09-4E80-A439-0CDB7AEE874D}.Debug|x64.Build.0 = Debug|x64
		{C6A12847-4B09-4E80-A439-0CDB7AEE874D}.Debug|x86.ActiveCfg = Debug|Win32
		{C6A12847-4B09-4E80-A439-0CDB7AEE874D}.Debug|x86.Build.0 = Debug|Win32
		{C6A12847-4B09-4E80-A439-0CDB7AEE874D}.Release|x64.ActiveCfg = Release|x64
		{C6A12847-4B09-4E80-A439-0CDB7AEE874D}.Release|x64.Build.0 = Release|x64
		{C6A12847-4B09-4E80-A439-0CDB7AEE874D}.Release|x86.ActiveCfg = Release|Win32
		{C6A12847-4B09-4E80-A439-0CDB7AEE874D}.Release|x86.Build.0 = Release|Win32
		{E06E7A0F-F22D-4723-A627-4B08C2623CAB}.Debug|x64.ActiveCfg = Debug|x64
		{E06E7A0F-F22D-4723-A627-4B08C2623CAB}.Debug|x64.Build.0 = Debug|x64
		{E06E7A0F-F22D-4723-A627-4B08C2623CAB}.Debug|x86.ActiveCfg = Debug|Win32
		{E06E7A0F-F22D-4723-A627-4B08C2623CAB}.Debug|x86.Build.0 = Debug|Win32
		{E06E7A0F-F22D-4723-A627-4B08C2623CAB}.Release|x64.ActiveCfg = Release|x64
		{E06E7A0F-F22D-4723-A627-4B08C2623CAB}.Release|x64.Build.0 = Release|x64
		{E06E7A0F-F22D-4723-A627-4B08C2623CAB}.Release|x86.ActiveCfg = Release|Win32
		{E06E7A0F-F22D-4723-A627-4B08C2623CAB}.Release|x86.Build.0 = Release|Win32
		{896F0301-A4C9-4989-8D58-0E6CBB34977F}.Debug|x64.ActiveCfg = Debug|x64
		{896F0301-A4C9-4989-8D58-0E6CBB34977F}.Debug|x64.Build.0 = Debug|x64
		{896F0301-A4C9-4989-8D58-0E6CBB34977F}.Debug|x86.ActiveCfg = Debug|Win32
		{896F0301-A4C9-4989-8D58-0E6CBB34977F}.Debug|x86.Build.0 = Debug|Win32
		{896F0301-A4C9-4989-8D58-0E6CBB34977F}.Release|x64.ActiveCfg = Release|x64
		{896F0301-A4C9-4989-8D58-0E6CBB34977F}.Release|x64.Build.0 = Release|x64
		{896F0301-A4C9-4989-8D58-0E6CBB34977F}.Release|x86.ActiveCfg = Release|Win32
		{896F0301-A4C9-4989-8D58-0E6CBB34977F}.Release|x86.Build.0 = Release|Win32
		{EF3B4477-EA5F-4AB7-B952-6AD1BC83C0F5}.Debug|x64.ActiveCfg = Debug|x64
		{EF3B4477-EA5F-4AB7-B952-6AD1BC83C0F5}.Debug|x64.Build.0 = Debug|x64
		{EF3B4477-EA5F-4AB7-B952-6AD1BC83C0F5}.Debug|x86.ActiveCfg = Debug|Win32
		{EF3B4477-EA5F-4AB7-B952-6AD1BC83C0F5}.Debug|x86.Build.0 = Debug|Win32
		{EF3B4477-EA5F-4AB7-B952-6AD1BC83C0F5}.Release|x64.ActiveCfg = Release|x64
		{EF3B4477-EA5F-4AB7-B952-6AD1BC83C0F5}.Release|x64.Build.0 = Release|x64
		{EF3B4477-EA5F-4AB7-B952-6AD1BC83C0F5}.Release|x86.ActiveCfg = Release|Win32
		{EF3B4477-EA5F-4AB7-B952-6AD1BC83C0F5}.Release|x86.Build.0 = Release|Win32
		{FD4A68E3-1228-4E53-92D9-B7F34AFC2070}.Debug|x64.ActiveCfg = Debug|x64
		{FD4A68E3-1228-4E53-92D9-B7F34AFC2070}.Debug|x64.Build.0 = Debug|x64
		{FD4A68E3-1228-4E53-92D9-B7F34AFC2070}.Debug|x86.ActiveCfg = Debug|Win32
		{FD4A68E3-1228-4E53-92D9-B7F34AFC2070}.Debug|x86.Build.0 = Debug|Win32
		{FD4A68E3-1228-4E53-92D9-B7F34AFC2070}.Release|x64.ActiveCfg = Release|x64
		{FD4A68E3-1228-4E53-92D9-B7F34AFC2070}.Release|x64.Build.0 = Release|x64
		{FD4A68E3-1228-4E53-92D9-B7F34AFC2070}.Release|x86.ActiveCfg = Release|Win32
		{FD4A68E3-1228-4E53-92D9-B7F34AFC2070}.Release|x86.Build.0 = Release|Win32
		{B3C13356-EBD1-4AD3-9978-AEA41632EE35}.Debug|x64.ActiveCfg = Debug|x64
		{B3C13356-EBD1-4AD3-9978-AEA41632EE35}.Debug|x64.Build.0 = Debug|x64
		{B3C13356-EBD1-4AD3-9978-AEA41632EE35}.Debug|x86.ActiveCfg = Debug|Win32
		{B3C13356-EBD1-4AD3-9978-AEA41632EE35}.Debug|x86.Build.0 = Debug|Win32
		{B3C13356-EBD1-4AD3-9978-AEA41632EE35}.Release|x64.ActiveCfg = Release|x64
		{B3C13356-EBD1-4AD3-9978-AEA41632EE35}.Release|x64.Build.0 = Release|x64
		{B3C13356-EBD1-4AD3-9978-AEA41632EE35}.Release|x86.ActiveCfg = Release|Win32
		{B3C13356-EBD1-4AD3-9978-AEA41632EE35}.Release|x86.Build.0 = Release|Win32
		{4B1D57F3-98DB-4AB1-87C0-5F5E87323469}.Debug|x64.ActiveCfg = Debug|x64
		{4B1D57F3-98DB-4AB1-87C0-5F5E87323469}.Debug|x64.Build.0 = Debug|x64
		{4B1D57F3-98DB-4AB1-87C0-5F5E87323469}.Debug|x86.ActiveCfg = Debug|Win32
		{4B1D57F3-98DB-4AB1-87C0-5F5E87323469}.Debug|x86.Build.0 = Debug|Win32
		{4B1D57F3-98DB-4AB1-87C0-5F5E87323469}.Release|x64.ActiveCfg = Release|x64
		{4B1D57F3-98DB-4AB1-87C0-5F5E87323469}.Release|x64.Build.0 = Release|x64
		{4B1D57F3-98DB-4AB1-87C0-5F5E87323469}.Release|x86.ActiveCfg = Release|Win32
		{4B1D57F3-98DB-4AB1-87C0-5F5E87323469}.Release|x86.Build.0 = Release|Win32
		{EE561A04-B4AD-4A3C-90EB-A6A7BB7D2BF8}.Debug|x64.ActiveCfg = Debug|x64
		{EE561A04-B4AD-4A3C-90EB-A6A7BB7D2BF8}.Debug|x64.Build.0 = Debug|x64
		{EE561A04-B4AD-4A3C-90EB-A6A7BB7D2BF8}.Debug|x86.ActiveCfg = Debug|Win32
		{EE561A04-B4AD-4A3C-90EB-A6A7BB7D2BF8}.Debug|x86.Build.0 = Debug|Win32
		{EE561A04-B4AD-4A3C-90EB-A6A7BB7D2BF8}.Release|x64.ActiveCfg = Release|x64
		{EE561A04-B4AD-4A3C-90EB-A6A7BB7D2BF8}.Release|x64.Build.0 = Release|x64
		{EE561A04-B4AD-4A3C-90EB-A6A7BB7D2BF8}.Release|x86.ActiveCfg = Release|Win32
		{EE561A04-B4AD-4A3C-90EB-A6A7BB7D2BF8}.Release|x86.Build.0 = Release|Win32
		{0A816DA9-57ED-4E82-8182-2480D41C4EF6}.Debug|x64.ActiveCfg = Debug|x64
		{0A816DA9-57ED-4E82-8182-2480D41C4EF6}.Debug|x64.Build.0 = Debug|x64
		{0A816DA9-57ED-4E82-8182-2480D41C4EF6}.Debug|x86.ActiveCfg = Debug|Win32
		{0A816DA9-57ED-4E82-8182-2480D41C4EF6}.Debug|x86.Build.0 = Debug|Win32
		{0A816DA9-57ED-4E82-8182-2480D41C4EF6}.Release|x64.ActiveCfg = Release|x64
		{0A816DA9-57ED-4E82-8182-2480D41C4EF6}.Release|x64.Build.0 = Release|x64
		{0A816DA9-57ED-4E82-8182-2480D41C4EF6}.Release|x86.ActiveCfg = Release|Win32
		{0A816DA9-57ED-4E82-8182-2480D41C4EF6}.Release|x86.Build.0 = Release|Win32
		{1EBF0403-9F74-44E6-A7A6-D144EFEA0F7A}.Debug|x64.ActiveCfg = Debug|x64
		{1EBF0403-9F74-44E6-A7A6-D144EFEA0F7A}.Debug|x64.Build.0 = Debug|x64
		{1EBF0403-9F74-44E6-A7A6-D144EFEA0F7A}.Debug|x86.ActiveCfg = Debug|Win32
		{1EBF0403-9F74-44E6-A7A6-D144EFEA0F7A}.Debug|x86.Build.0 = Debug|Win32
		{1EBF0403-9F74-44E6-A7A6-D144EFEA0F7A}.Release|x64.ActiveCfg = Release|x64
		{1EBF0403-9F74-44E6-A7A6-D144EFEA0F7A}.Release|x64.Build.0 = Release|x64
		{1EBF0403-9F74-44E6-A7A6-D144EFEA0F7A}.Release|x86.ActiveCfg = Release|Win32
		{1EBF0403-9F74-44E6-A7A6-D144EFEA0F7A}.Release|x86.Build.0 = Release|Win32
		{DB6E21D9-EA60-4571-BD1D-FD303F25931E}.Debug|x64.ActiveCfg = Debug|x64
		{DB6E21D9-EA60-4571-BD1D-FD303F25931E}.Debug|x64.Build.0 = Debug|x64
		{DB6E21D9-EA60-4571-BD1D-FD303F25931E}.Debug|x86.ActiveCfg = Debug|Win32
		{DB6E21D9-EA60-4571-BD1D-FD303F25931E}.Debug|x86.Build.0 = Debug|Win32
		{DB6E21D9-EA60-4571-BD1D-FD303F25931E}.Release|x64.ActiveCfg = Release|x64
		{DB6E21D9-EA60-4571-BD1D-FD303F25931E}.Release|x64.Build.0 = Release|x64
		{DB6E21D9-EA60-4571-BD1D-FD303F25931E}.Release|x86.ActiveCfg = Release|Win32
		{DB6E21D9-EA60-4571-BD1D-FD303F25931E}.Release|x86.Build.0 = Release|Win32
		{79D63200-BC89-4755-AAA7-577E0393B30D}.Debug|x64.ActiveCfg = Debug|x64
		{79D63200-BC89-4755-AAA7-577E0393B30D}.Debug|x64.Build.0 = Debug|x64
		{79D63200-BC89-4755-AAA7-577E0393B30D}.Debug|x86.ActiveCfg = Debug|Win32
		{79D63200-BC89-4755-AAA7-577E0393B30D}.Debug|x86.Build.0 = Debug|Win32
		{79D63200-BC89-4755-AAA7-577E0393B30D}.Release|x64.ActiveCfg = Release|x64
		{79D63200-BC89-4755-AAA7-577E0393B30D}.Release|x64.Build.0 = Release|x64
		{79D63200-BC89-4755-AAA7-577E0393B30D}.Release|x86.ActiveCfg = Release|Win32
		{79D63200-BC89-4755-AAA7-577E0393B30D}.Release|x86.Build.0 = Release|Win32
	EndGlobalSection
	GlobalSection(SolutionProperties) = preSolution
		HideSolutionNode = FALSE
	EndGlobalSection
	GlobalSection(ExtensibilityGlobals) = postSolution
		SolutionGuid = {EC637E1F-B183-44C5-987A-84EA96B80947}
	EndGlobalSection
EndGlobal
